Microsoft Visual Studio Solution File, Format Version 12.00
# Visual Studio Version 17
VisualStudioVersion = 17.0.31903.59
MinimumVisualStudioVersion = 10.0.40219.1
Project("{FAE04EC0-301F-11D3-BF4B-00C04F79EFBC}") = "EvoHime.Desktop", "EvoHime.Desktop\EvoHime.Desktop.csproj", "{E4A827C4-C8EE-4A44-9A2F-EA8E77FE0B01}"
EndProject
Project("{FAE04EC0-301F-11D3-BF4B-00C04F79EFBC}") = "EvoHime.Tests", "EvoHime.Tests\EvoHime.Tests.csproj", "{B3D5A730-B6AC-44B0-A5E8-0B04D37FD5C2}"
EndProject
Global
	GlobalSection(SolutionConfigurationPlatforms) = preSolution
		Debug|x64 = Debug|x64
		Release|x64 = Release|x64
	EndGlobalSection
	GlobalSection(ProjectConfigurationPlatforms) = postSolution
		{E4A827C4-C8EE-4A44-9A2F-EA8E77FE0B01}.Debug|x64.ActiveCfg = Debug|x64
		{E4A827C4-C8EE-4A44-9A2F-EA8E77FE0B01}.Debug|x64.Build.0 = Debug|x64
		{E4A827C4-C8EE-4A44-9A2F-EA8E77FE0B01}.Release|x64.ActiveCfg = Release|x64
		{E4A827C4-C8EE-4A44-9A2F-EA8E77FE0B01}.Release|x64.Build.0 = Release|x64
		{B3D5A730-B6AC-44B0-A5E8-0B04D37FD5C2}.Debug|x64.ActiveCfg = Debug|x64
		{B3D5A730-B6AC-44B0-A5E8-0B04D37FD5C2}.Debug|x64.Build.0 = Debug|x64
		{B3D5A730-B6AC-44B0-A5E8-0B04D37FD5C2}.Release|x64.ActiveCfg = Release|x64
		{B3D5A730-B6AC-44B0-A5E8-0B04D37FD5C2}.Release|x64.Build.0 = Release|x64
	EndGlobalSection
EndGlobal
